
Microsoft Visual Studio Solution File, Format Version 12.00
# Visual Studio Version 17
VisualStudioVersion = 17.12.35521.163
MinimumVisualStudioVersion = 10.0.40219.1
Project("{FAE04EC0-301F-11D3-BF4B-00C04F79EFBC}") = "ApiWithK8S", "ApiWithK8S\ApiWithK8S.csproj", "{BA2B8165-1AEA-49D0-9356-903BB9F7D537}"
EndProject
Project("{FAE04EC0-301F-11D3-BF4B-00C04F79EFBC}") = "ConsoleTest", "ConsoleTest\ConsoleTest.csproj", "{99A3AA17-F627-4244-996B-19AFFE924553}"
EndProject
Project("{FAE04EC0-301F-11D3-BF4B-00C04F79EFBC}") = "AAISAPClient", "AAISAPClient\AAISAPClient.csproj", "{777C8D48-1068-4B4A-AC7E-469365E08C27}"
EndProject
Global
	GlobalSection(SolutionConfigurationPlatforms) = preSolution
		Debug|Any CPU = Debug|Any CPU
		Release|Any CPU = Release|Any CPU
	EndGlobalSection
	GlobalSection(ProjectConfigurationPlatforms) = postSolution
		{BA2B8165-1AEA-49D0-9356-903BB9F7D537}.Debug|Any CPU.ActiveCfg = Debug|Any CPU
		{BA2B8165-1AEA-49D0-9356-903BB9F7D537}.Debug|Any CPU.Build.0 = Debug|Any CPU
		{BA2B8165-1AEA-49D0-9356-903BB9F7D537}.Release|Any CPU.ActiveCfg = Release|Any CPU
		{BA2B8165-1AEA-49D0-9356-903BB9F7D537}.Release|Any CPU.Build.0 = Release|Any CPU
		{99A3AA17-F627-4244-996B-19AFFE924553}.Debug|Any CPU.ActiveCfg = Debug|Any CPU
		{99A3AA17-F627-4244-996B-19AFFE924553}.Debug|Any CPU.Build.0 = Debug|Any CPU
		{99A3AA17-F627-4244-996B-19AFFE924553}.Release|Any CPU.ActiveCfg = Release|Any CPU
		{99A3AA17-F627-4244-996B-19AFFE924553}.Release|Any CPU.Build.0 = Release|Any CPU
		{777C8D48-1068-4B4A-AC7E-469365E08C27}.Debug|Any CPU.ActiveCfg = Debug|Any CPU
		{777C8D48-1068-4B4A-AC7E-469365E08C27}.Debug|Any CPU.Build.0 = Debug|Any CPU
		{777C8D48-1068-4B4A-AC7E-469365E08C27}.Release|Any CPU.ActiveCfg = Release|Any CPU
		{777C8D48-1068-4B4A-AC7E-469365E08C27}.Release|Any CPU.Build.0 = Release|Any CPU
	EndGlobalSection
	GlobalSection(SolutionProperties) = preSolution
		HideSolutionNode = FALSE
	EndGlobalSection
EndGlobal
